// !$*UTF8*$!
{
	archiveVersion = 1;
	classes = {
	};
	objectVersion = 46;
	objects = {

/* Begin PBXBuildFile section */
		AF0B5B3015A78FFA00263815 /* DefaultSettings.plist in Resources */ = {isa = PBXBuildFile; fileRef = AF0B5B2F15A78FFA00263815 /* DefaultSettings.plist */; };
		AF0B5B3315A796C200263815 /* Settings.m in Sources */ = {isa = PBXBuildFile; fileRef = AF0B5B3215A796C200263815 /* Settings.m */; };
		AF9BE9D315A21D7800F6F024 /* InformationViewController_iPad.xib in Resources */ = {isa = PBXBuildFile; fileRef = AF9BE9D215A21D7800F6F024 /* InformationViewController_iPad.xib */; };
		AF9BE9EB15A22DC200F6F024 /* Product.m in Sources */ = {isa = PBXBuildFile; fileRef = AF9BE9EA15A22DC200F6F024 /* Product.m */; };
		AF9BE9F215A22E0800F6F024 /* Property.m in Sources */ = {isa = PBXBuildFile; fileRef = AF9BE9F115A22E0800F6F024 /* Property.m */; };
		AFD1683015A389CA0017418B /* CustomCell.m in Sources */ = {isa = PBXBuildFile; fileRef = AFD1682F15A389CA0017418B /* CustomCell.m */; };
		AFD1683215A389E50017418B /* CustomCell.xib in Resources */ = {isa = PBXBuildFile; fileRef = AFD1683115A389E50017418B /* CustomCell.xib */; };
		AFD1683415A39B030017418B /* Default.png in Resources */ = {isa = PBXBuildFile; fileRef = AFD1683315A39B030017418B /* Default.png */; };
		AFD1683615A39B060017418B /* Default@2x.png in Resources */ = {isa = PBXBuildFile; fileRef = AFD1683515A39B060017418B /* Default@2x.png */; };
		AFD1683815A39B200017418B /* Icon.png in Resources */ = {isa = PBXBuildFile; fileRef = AFD1683715A39B200017418B /* Icon.png */; };
		AFD1683A15A39B2A0017418B /* Icon@2x.png in Resources */ = {isa = PBXBuildFile; fileRef = AFD1683915A39B2A0017418B /* Icon@2x.png */; };
		AFD1683C15A39B420017418B /* Default-Portrait@2x~ipad.png in Resources */ = {isa = PBXBuildFile; fileRef = AFD1683B15A39B420017418B /* Default-Portrait@2x~ipad.png */; };
		AFD1683E15A39B460017418B /* Default-Portrait~ipad.png in Resources */ = {isa = PBXBuildFile; fileRef = AFD1683D15A39B460017418B /* Default-Portrait~ipad.png */; };
		AFD1684015A39B780017418B /* Icon-72.png in Resources */ = {isa = PBXBuildFile; fileRef = AFD1683F15A39B780017418B /* Icon-72.png */; };
		AFD1684215A39B7B0017418B /* Icon-72@2x.png in Resources */ = {isa = PBXBuildFile; fileRef = AFD1684115A39B7B0017418B /* Icon-72@2x.png */; };
		AFE5CEB615A7804C000CEAB7 /* SettingsViewController.m in Sources */ = {isa = PBXBuildFile; fileRef = AFE5CEB415A7804C000CEAB7 /* SettingsViewController.m */; };
		AFE5CEB715A7804C000CEAB7 /* SettingsViewController_iPhone.xib in Resources */ = {isa = PBXBuildFile; fileRef = AFE5CEB515A7804C000CEAB7 /* SettingsViewController_iPhone.xib */; };
		AFE5CEBA15A7814D000CEAB7 /* second.png in Resources */ = {isa = PBXBuildFile; fileRef = AFE5CEB815A7814D000CEAB7 /* second.png */; };
		AFE5CEBB15A7814D000CEAB7 /* second@2x.png in Resources */ = {isa = PBXBuildFile; fileRef = AFE5CEB915A7814D000CEAB7 /* second@2x.png */; };
		AFE5CEBE15A783A2000CEAB7 /* first.png in Resources */ = {isa = PBXBuildFile; fileRef = AFE5CEBC15A783A2000CEAB7 /* first.png */; };
		AFE5CEBF15A783A2000CEAB7 /* first@2x.png in Resources */ = {isa = PBXBuildFile; fileRef = AFE5CEBD15A783A2000CEAB7 /* first@2x.png */; };
		AFE5E7E915A073B100E32EE8 /* UIKit.framework in Frameworks */ = {isa = PBXBuildFile; fileRef = AFE5E7E815A073B100E32EE8 /* UIKit.framework */; };
		AFE5E7EB15A073B100E32EE8 /* Foundation.framework in Frameworks */ = {isa = PBXBuildFile; fileRef = AFE5E7EA15A073B100E32EE8 /* Foundation.framework */; };
		AFE5E7ED15A073B100E32EE8 /* CoreGraphics.framework in Frameworks */ = {isa = PBXBuildFile; fileRef = AFE5E7EC15A073B100E32EE8 /* CoreGraphics.framework */; };
		AFE5E7F315A073B200E32EE8 /* InfoPlist.strings in Resources */ = {isa = PBXBuildFile; fileRef = AFE5E7F115A073B200E32EE8 /* InfoPlist.strings */; };
		AFE5E7F515A073B200E32EE8 /* main.m in Sources */ = {isa = PBXBuildFile; fileRef = AFE5E7F415A073B200E32EE8 /* main.m */; };
		AFE5E7F915A073B200E32EE8 /* AppDelegate.m in Sources */ = {isa = PBXBuildFile; fileRef = AFE5E7F815A073B200E32EE8 /* AppDelegate.m */; };
		AFE5E7FC15A073B200E32EE8 /* ScannerViewController.mm in Sources */ = {isa = PBXBuildFile; fileRef = AFE5E7FB15A073B200E32EE8 /* ScannerViewController.mm */; };
		AFE5E7FF15A073B200E32EE8 /* ScannerViewController_iPhone.xib in Resources */ = {isa = PBXBuildFile; fileRef = AFE5E7FD15A073B200E32EE8 /* ScannerViewController_iPhone.xib */; };
		AFE5E80215A073B200E32EE8 /* ScannerViewController_iPad.xib in Resources */ = {isa = PBXBuildFile; fileRef = AFE5E80015A073B200E32EE8 /* ScannerViewController_iPad.xib */; };
		AFE5E81B15A0747400E32EE8 /* libZXingWidget.a in Frameworks */ = {isa = PBXBuildFile; fileRef = AFE5E81115A073F800E32EE8 /* libZXingWidget.a */; };
		AFE5E82215A0755A00E32EE8 /* AddressBook.framework in Frameworks */ = {isa = PBXBuildFile; fileRef = AFE5E81C15A0755A00E32EE8 /* AddressBook.framework */; };
		AFE5E82315A0755A00E32EE8 /* AudioToolbox.framework in Frameworks */ = {isa = PBXBuildFile; fileRef = AFE5E81D15A0755A00E32EE8 /* AudioToolbox.framework */; };
		AFE5E82415A0755A00E32EE8 /* AVFoundation.framework in Frameworks */ = {isa = PBXBuildFile; fileRef = AFE5E81E15A0755A00E32EE8 /* AVFoundation.framework */; };
		AFE5E82515A0755A00E32EE8 /* CoreMedia.framework in Frameworks */ = {isa = PBXBuildFile; fileRef = AFE5E81F15A0755A00E32EE8 /* CoreMedia.framework */; };
		AFE5E82615A0755A00E32EE8 /* CoreVideo.framework in Frameworks */ = {isa = PBXBuildFile; fileRef = AFE5E82015A0755A00E32EE8 /* CoreVideo.framework */; };
		AFE5E82715A0755A00E32EE8 /* libiconv.dylib in Frameworks */ = {isa = PBXBuildFile; fileRef = AFE5E82115A0755A00E32EE8 /* libiconv.dylib */; };
		AFE5E84015A0A43700E32EE8 /* InformationViewController.m in Sources */ = {isa = PBXBuildFile; fileRef = AFE5E83E15A0A43700E32EE8 /* InformationViewController.m */; };
		AFE5E84115A0A43700E32EE8 /* InformationViewController_iPhone.xib in Resources */ = {isa = PBXBuildFile; fileRef = AFE5E83F15A0A43700E32EE8 /* InformationViewController_iPhone.xib */; };
/* End PBXBuildFile section */

/* Begin PBXContainerItemProxy section */
		AFE5E81015A073F800E32EE8 /* PBXContainerItemProxy */ = {
			isa = PBXContainerItemProxy;
			containerPortal = AFE5E80815A073F800E32EE8 /* ZXingWidget.xcodeproj */;
			proxyType = 2;
			remoteGlobalIDString = D2AAC07E0554694100DB518D;
			remoteInfo = ZXingWidget;
		};
		AFE5E81215A073F800E32EE8 /* PBXContainerItemProxy */ = {
			isa = PBXContainerItemProxy;
			containerPortal = AFE5E80815A073F800E32EE8 /* ZXingWidget.xcodeproj */;
			proxyType = 2;
			remoteGlobalIDString = 1D60398D13DF7CAD006F4B51;
			remoteInfo = ZXingTests;
		};
		AFE5E81915A0746000E32EE8 /* PBXContainerItemProxy */ = {
			isa = PBXContainerItemProxy;
			containerPortal = AFE5E80815A073F800E32EE8 /* ZXingWidget.xcodeproj */;
			proxyType = 1;
			remoteGlobalIDString = D2AAC07D0554694100DB518D;
			remoteInfo = ZXingWidget;
		};
/* End PBXContainerItemProxy section */

/* Begin PBXFileReference section */
		AF0B5B2F15A78FFA00263815 /* DefaultSettings.plist */ = {isa = PBXFileReference; fileEncoding = 4; lastKnownFileType = text.plist.xml; path = DefaultSettings.plist; sourceTree = "<group>"; };
		AF0B5B3115A796C200263815 /* Settings.h */ = {isa = PBXFileReference; fileEncoding = 4; lastKnownFileType = sourcecode.c.h; path = Settings.h; sourceTree = "<group>"; };
		AF0B5B3215A796C200263815 /* Settings.m */ = {isa = PBXFileReference; fileEncoding = 4; lastKnownFileType = sourcecode.c.objc; path = Settings.m; sourceTree = "<group>"; };
		AF9BE9D215A21D7800F6F024 /* InformationViewController_iPad.xib */ = {isa = PBXFileReference; fileEncoding = 4; lastKnownFileType = file.xib; path = InformationViewController_iPad.xib; sourceTree = "<group>"; };
		AF9BE9E915A22DC200F6F024 /* Product.h */ = {isa = PBXFileReference; fileEncoding = 4; lastKnownFileType = sourcecode.c.h; path = Product.h; sourceTree = "<group>"; };
		AF9BE9EA15A22DC200F6F024 /* Product.m */ = {isa = PBXFileReference; fileEncoding = 4; lastKnownFileType = sourcecode.c.objc; path = Product.m; sourceTree = "<group>"; };
		AF9BE9F015A22E0800F6F024 /* Property.h */ = {isa = PBXFileReference; fileEncoding = 4; lastKnownFileType = sourcecode.c.h; path = Property.h; sourceTree = "<group>"; };
		AF9BE9F115A22E0800F6F024 /* Property.m */ = {isa = PBXFileReference; fileEncoding = 4; lastKnownFileType = sourcecode.c.objc; path = Property.m; sourceTree = "<group>"; };
		AFD1682E15A389CA0017418B /* CustomCell.h */ = {isa = PBXFileReference; fileEncoding = 4; lastKnownFileType = sourcecode.c.h; path = CustomCell.h; sourceTree = "<group>"; };
		AFD1682F15A389CA0017418B /* CustomCell.m */ = {isa = PBXFileReference; fileEncoding = 4; lastKnownFileType = sourcecode.c.objc; path = CustomCell.m; sourceTree = "<group>"; };
		AFD1683115A389E50017418B /* CustomCell.xib */ = {isa = PBXFileReference; fileEncoding = 4; lastKnownFileType = file.xib; path = CustomCell.xib; sourceTree = "<group>"; };
		AFD1683315A39B030017418B /* Default.png */ = {isa = PBXFileReference; lastKnownFileType = image.png; path = Default.png; sourceTree = "<group>"; };
		AFD1683515A39B060017418B /* Default@2x.png */ = {isa = PBXFileReference; lastKnownFileType = image.png; path = "Default@2x.png"; sourceTree = "<group>"; };
		AFD1683715A39B200017418B /* Icon.png */ = {isa = PBXFileReference; lastKnownFileType = image.png; path = Icon.png; sourceTree = "<group>"; };
		AFD1683915A39B2A0017418B /* Icon@2x.png */ = {isa = PBXFileReference; lastKnownFileType = image.png; path = "Icon@2x.png"; sourceTree = "<group>"; };
		AFD1683B15A39B420017418B /* Default-Portrait@2x~ipad.png */ = {isa = PBXFileReference; lastKnownFileType = image.png; path = "Default-Portrait@2x~ipad.png"; sourceTree = "<group>"; };
		AFD1683D15A39B460017418B /* Default-Portrait~ipad.png */ = {isa = PBXFileReference; lastKnownFileType = image.png; path = "Default-Portrait~ipad.png"; sourceTree = "<group>"; };
		AFD1683F15A39B780017418B /* Icon-72.png */ = {isa = PBXFileReference; lastKnownFileType = image.png; path = "Icon-72.png"; sourceTree = "<group>"; };
		AFD1684115A39B7B0017418B /* Icon-72@2x.png */ = {isa = PBXFileReference; lastKnownFileType = image.png; path = "Icon-72@2x.png"; sourceTree = "<group>"; };
		AFE5CEB315A7804C000CEAB7 /* SettingsViewController.h */ = {isa = PBXFileReference; fileEncoding = 4; lastKnownFileType = sourcecode.c.h; path = SettingsViewController.h; sourceTree = "<group>"; };
		AFE5CEB415A7804C000CEAB7 /* SettingsViewController.m */ = {isa = PBXFileReference; fileEncoding = 4; lastKnownFileType = sourcecode.c.objc; path = SettingsViewController.m; sourceTree = "<group>"; };
		AFE5CEB515A7804C000CEAB7 /* SettingsViewController_iPhone.xib */ = {isa = PBXFileReference; fileEncoding = 4; lastKnownFileType = file.xib; path = SettingsViewController_iPhone.xib; sourceTree = "<group>"; };
		AFE5CEB815A7814D000CEAB7 /* second.png */ = {isa = PBXFileReference; lastKnownFileType = image.png; path = second.png; sourceTree = "<group>"; };
		AFE5CEB915A7814D000CEAB7 /* second@2x.png */ = {isa = PBXFileReference; lastKnownFileType = image.png; path = "second@2x.png"; sourceTree = "<group>"; };
		AFE5CEBC15A783A2000CEAB7 /* first.png */ = {isa = PBXFileReference; lastKnownFileType = image.png; path = first.png; sourceTree = "<group>"; };
		AFE5CEBD15A783A2000CEAB7 /* first@2x.png */ = {isa = PBXFileReference; lastKnownFileType = image.png; path = "first@2x.png"; sourceTree = "<group>"; };
		AFE5E7E415A073B100E32EE8 /* Inventirap.app */ = {isa = PBXFileReference; explicitFileType = wrapper.application; includeInIndex = 0; path = Inventirap.app; sourceTree = BUILT_PRODUCTS_DIR; };
		AFE5E7E815A073B100E32EE8 /* UIKit.framework */ = {isa = PBXFileReference; lastKnownFileType = wrapper.framework; name = UIKit.framework; path = System/Library/Frameworks/UIKit.framework; sourceTree = SDKROOT; };
		AFE5E7EA15A073B100E32EE8 /* Foundation.framework */ = {isa = PBXFileReference; lastKnownFileType = wrapper.framework; name = Foundation.framework; path = System/Library/Frameworks/Foundation.framework; sourceTree = SDKROOT; };
		AFE5E7EC15A073B100E32EE8 /* CoreGraphics.framework */ = {isa = PBXFileReference; lastKnownFileType = wrapper.framework; name = CoreGraphics.framework; path = System/Library/Frameworks/CoreGraphics.framework; sourceTree = SDKROOT; };
		AFE5E7F015A073B200E32EE8 /* Inventirap-Info.plist */ = {isa = PBXFileReference; lastKnownFileType = text.plist.xml; path = "Inventirap-Info.plist"; sourceTree = "<group>"; };
		AFE5E7F215A073B200E32EE8 /* en */ = {isa = PBXFileReference; lastKnownFileType = text.plist.strings; name = en; path = en.lproj/InfoPlist.strings; sourceTree = "<group>"; };
		AFE5E7F415A073B200E32EE8 /* main.m */ = {isa = PBXFileReference; lastKnownFileType = sourcecode.c.objc; path = main.m; sourceTree = "<group>"; };
		AFE5E7F615A073B200E32EE8 /* Inventirap-Prefix.pch */ = {isa = PBXFileReference; lastKnownFileType = sourcecode.c.h; path = "Inventirap-Prefix.pch"; sourceTree = "<group>"; };
		AFE5E7F715A073B200E32EE8 /* AppDelegate.h */ = {isa = PBXFileReference; lastKnownFileType = sourcecode.c.h; path = AppDelegate.h; sourceTree = "<group>"; };
		AFE5E7F815A073B200E32EE8 /* AppDelegate.m */ = {isa = PBXFileReference; lastKnownFileType = sourcecode.c.objc; path = AppDelegate.m; sourceTree = "<group>"; };
		AFE5E7FA15A073B200E32EE8 /* ScannerViewController.h */ = {isa = PBXFileReference; lastKnownFileType = sourcecode.c.h; path = ScannerViewController.h; sourceTree = "<group>"; };
		AFE5E7FB15A073B200E32EE8 /* ScannerViewController.mm */ = {isa = PBXFileReference; lastKnownFileType = sourcecode.cpp.objcpp; path = ScannerViewController.mm; sourceTree = "<group>"; };
		AFE5E7FE15A073B200E32EE8 /* en */ = {isa = PBXFileReference; lastKnownFileType = file.xib; name = en; path = en.lproj/ScannerViewController_iPhone.xib; sourceTree = "<group>"; };
		AFE5E80115A073B200E32EE8 /* en */ = {isa = PBXFileReference; lastKnownFileType = file.xib; name = en; path = en.lproj/ScannerViewController_iPad.xib; sourceTree = "<group>"; };
		AFE5E80815A073F800E32EE8 /* ZXingWidget.xcodeproj */ = {isa = PBXFileReference; lastKnownFileType = "wrapper.pb-project"; name = ZXingWidget.xcodeproj; path = ../zxing/iphone/ZXingWidget/ZXingWidget.xcodeproj; sourceTree = "<group>"; };
		AFE5E81C15A0755A00E32EE8 /* AddressBook.framework */ = {isa = PBXFileReference; lastKnownFileType = wrapper.framework; name = AddressBook.framework; path = System/Library/Frameworks/AddressBook.framework; sourceTree = SDKROOT; };
		AFE5E81D15A0755A00E32EE8 /* AudioToolbox.framework */ = {isa = PBXFileReference; lastKnownFileType = wrapper.framework; name = AudioToolbox.framework; path = System/Library/Frameworks/AudioToolbox.framework; sourceTree = SDKROOT; };
		AFE5E81E15A0755A00E32EE8 /* AVFoundation.framework */ = {isa = PBXFileReference; lastKnownFileType = wrapper.framework; name = AVFoundation.framework; path = System/Library/Frameworks/AVFoundation.framework; sourceTree = SDKROOT; };
		AFE5E81F15A0755A00E32EE8 /* CoreMedia.framework */ = {isa = PBXFileReference; lastKnownFileType = wrapper.framework; name = CoreMedia.framework; path = System/Library/Frameworks/CoreMedia.framework; sourceTree = SDKROOT; };
		AFE5E82015A0755A00E32EE8 /* CoreVideo.framework */ = {isa = PBXFileReference; lastKnownFileType = wrapper.framework; name = CoreVideo.framework; path = System/Library/Frameworks/CoreVideo.framework; sourceTree = SDKROOT; };
		AFE5E82115A0755A00E32EE8 /* libiconv.dylib */ = {isa = PBXFileReference; lastKnownFileType = "compiled.mach-o.dylib"; name = libiconv.dylib; path = usr/lib/libiconv.dylib; sourceTree = SDKROOT; };
		AFE5E83D15A0A43700E32EE8 /* InformationViewController.h */ = {isa = PBXFileReference; fileEncoding = 4; lastKnownFileType = sourcecode.c.h; path = InformationViewController.h; sourceTree = "<group>"; };
		AFE5E83E15A0A43700E32EE8 /* InformationViewController.m */ = {isa = PBXFileReference; fileEncoding = 4; lastKnownFileType = sourcecode.c.objc; path = InformationViewController.m; sourceTree = "<group>"; };
		AFE5E83F15A0A43700E32EE8 /* InformationViewController_iPhone.xib */ = {isa = PBXFileReference; fileEncoding = 4; lastKnownFileType = file.xib; path = InformationViewController_iPhone.xib; sourceTree = "<group>"; };
/* End PBXFileReference section */

/* Begin PBXFrameworksBuildPhase section */
		AFE5E7E115A073B100E32EE8 /* Frameworks */ = {
			isa = PBXFrameworksBuildPhase;
			buildActionMask = 2147483647;
			files = (
				AFE5E82215A0755A00E32EE8 /* AddressBook.framework in Frameworks */,
				AFE5E82315A0755A00E32EE8 /* AudioToolbox.framework in Frameworks */,
				AFE5E82415A0755A00E32EE8 /* AVFoundation.framework in Frameworks */,
				AFE5E82515A0755A00E32EE8 /* CoreMedia.framework in Frameworks */,
				AFE5E82615A0755A00E32EE8 /* CoreVideo.framework in Frameworks */,
				AFE5E82715A0755A00E32EE8 /* libiconv.dylib in Frameworks */,
				AFE5E81B15A0747400E32EE8 /* libZXingWidget.a in Frameworks */,
				AFE5E7E915A073B100E32EE8 /* UIKit.framework in Frameworks */,
				AFE5E7EB15A073B100E32EE8 /* Foundation.framework in Frameworks */,
				AFE5E7ED15A073B100E32EE8 /* CoreGraphics.framework in Frameworks */,
			);
			runOnlyForDeploymentPostprocessing = 0;
		};
/* End PBXFrameworksBuildPhase section */

/* Begin PBXGroup section */
		AF9BE9E815A22D5000F6F024 /* Model */ = {
			isa = PBXGroup;
			children = (
				AF9BE9E915A22DC200F6F024 /* Product.h */,
				AF9BE9EA15A22DC200F6F024 /* Product.m */,
				AF9BE9F015A22E0800F6F024 /* Property.h */,
				AF9BE9F115A22E0800F6F024 /* Property.m */,
				AF0B5B3115A796C200263815 /* Settings.h */,
				AF0B5B3215A796C200263815 /* Settings.m */,
			);
			name = Model;
			sourceTree = "<group>";
		};
		AFD1682D15A3678D0017418B /* Views */ = {
			isa = PBXGroup;
			children = (
				AFD1682E15A389CA0017418B /* CustomCell.h */,
				AFD1682F15A389CA0017418B /* CustomCell.m */,
			);
			name = Views;
			sourceTree = "<group>";
		};
		AFD1684715A39BB90017418B /* Images */ = {
			isa = PBXGroup;
			children = (
				AFE5CEBC15A783A2000CEAB7 /* first.png */,
				AFE5CEBD15A783A2000CEAB7 /* first@2x.png */,
				AFE5CEB815A7814D000CEAB7 /* second.png */,
				AFE5CEB915A7814D000CEAB7 /* second@2x.png */,
				AFD1684115A39B7B0017418B /* Icon-72@2x.png */,
				AFD1683F15A39B780017418B /* Icon-72.png */,
				AFD1683D15A39B460017418B /* Default-Portrait~ipad.png */,
				AFD1683B15A39B420017418B /* Default-Portrait@2x~ipad.png */,
				AFD1683915A39B2A0017418B /* Icon@2x.png */,
				AFD1683715A39B200017418B /* Icon.png */,
				AFD1683515A39B060017418B /* Default@2x.png */,
				AFD1683315A39B030017418B /* Default.png */,
			);
			name = Images;
			path = ..;
			sourceTree = "<group>";
		};
		AFE5CEB015A77FC5000CEAB7 /* Resources */ = {
			isa = PBXGroup;
			children = (
				AFD1684715A39BB90017418B /* Images */,
				AFE5E7FD15A073B200E32EE8 /* ScannerViewController_iPhone.xib */,
				AFE5E80015A073B200E32EE8 /* ScannerViewController_iPad.xib */,
				AFE5E83F15A0A43700E32EE8 /* InformationViewController_iPhone.xib */,
				AF9BE9D215A21D7800F6F024 /* InformationViewController_iPad.xib */,
				AFE5CEB515A7804C000CEAB7 /* SettingsViewController_iPhone.xib */,
				AFD1683115A389E50017418B /* CustomCell.xib */,
			);
			name = Resources;
			sourceTree = "<group>";
		};
		AFE5E7D915A073B100E32EE8 = {
			isa = PBXGroup;
			children = (
				AFE5E7EE15A073B100E32EE8 /* Inventirap */,
				AFE5E7E715A073B100E32EE8 /* Frameworks */,
				AFE5E7E515A073B100E32EE8 /* Products */,
				AFE5E81415A0740D00E32EE8 /* Dependencies */,
			);
			sourceTree = "<group>";
		};
		AFE5E7E515A073B100E32EE8 /* Products */ = {
			isa = PBXGroup;
			children = (
				AFE5E7E415A073B100E32EE8 /* Inventirap.app */,
			);
			name = Products;
			sourceTree = "<group>";
		};
		AFE5E7E715A073B100E32EE8 /* Frameworks */ = {
			isa = PBXGroup;
			children = (
				AFE5E7E815A073B100E32EE8 /* UIKit.framework */,
				AFE5E7EA15A073B100E32EE8 /* Foundation.framework */,
				AFE5E7EC15A073B100E32EE8 /* CoreGraphics.framework */,
			);
			name = Frameworks;
			sourceTree = "<group>";
		};
		AFE5E7EE15A073B100E32EE8 /* Inventirap */ = {
			isa = PBXGroup;
			children = (
				AFE5E7F715A073B200E32EE8 /* AppDelegate.h */,
				AFE5E7F815A073B200E32EE8 /* AppDelegate.m */,
				AFE5E83C15A09B6A00E32EE8 /* Controllers */,
				AFD1682D15A3678D0017418B /* Views */,
				AF9BE9E815A22D5000F6F024 /* Model */,
				AFE5CEB015A77FC5000CEAB7 /* Resources */,
				AFE5E7EF15A073B200E32EE8 /* Supporting Files */,
			);
			path = Inventirap;
			sourceTree = "<group>";
		};
		AFE5E7EF15A073B200E32EE8 /* Supporting Files */ = {
			isa = PBXGroup;
			children = (
				AF0B5B2F15A78FFA00263815 /* DefaultSettings.plist */,
				AFE5E7F015A073B200E32EE8 /* Inventirap-Info.plist */,
				AFE5E7F115A073B200E32EE8 /* InfoPlist.strings */,
				AFE5E7F415A073B200E32EE8 /* main.m */,
				AFE5E7F615A073B200E32EE8 /* Inventirap-Prefix.pch */,
			);
			name = "Supporting Files";
			sourceTree = "<group>";
		};
		AFE5E80915A073F800E32EE8 /* Products */ = {
			isa = PBXGroup;
			children = (
				AFE5E81115A073F800E32EE8 /* libZXingWidget.a */,
				AFE5E81315A073F800E32EE8 /* ZXingTests.octest */,
			);
			name = Products;
			sourceTree = "<group>";
		};
		AFE5E81415A0740D00E32EE8 /* Dependencies */ = {
			isa = PBXGroup;
			children = (
				AFE5E81C15A0755A00E32EE8 /* AddressBook.framework */,
				AFE5E81D15A0755A00E32EE8 /* AudioToolbox.framework */,
				AFE5E81E15A0755A00E32EE8 /* AVFoundation.framework */,
				AFE5E81F15A0755A00E32EE8 /* CoreMedia.framework */,
				AFE5E82015A0755A00E32EE8 /* CoreVideo.framework */,
				AFE5E82115A0755A00E32EE8 /* libiconv.dylib */,
				AFE5E80815A073F800E32EE8 /* ZXingWidget.xcodeproj */,
			);
			name = Dependencies;
			sourceTree = "<group>";
		};
		AFE5E83C15A09B6A00E32EE8 /* Controllers */ = {
			isa = PBXGroup;
			children = (
				AFE5E7FA15A073B200E32EE8 /* ScannerViewController.h */,
				AFE5E7FB15A073B200E32EE8 /* ScannerViewController.mm */,
				AFE5CEB315A7804C000CEAB7 /* SettingsViewController.h */,
				AFE5CEB415A7804C000CEAB7 /* SettingsViewController.m */,
				AFE5E83D15A0A43700E32EE8 /* InformationViewController.h */,
				AFE5E83E15A0A43700E32EE8 /* InformationViewController.m */,
			);
			name = Controllers;
			sourceTree = "<group>";
		};
/* End PBXGroup section */

/* Begin PBXNativeTarget section */
		AFE5E7E315A073B100E32EE8 /* Inventirap */ = {
			isa = PBXNativeTarget;
			buildConfigurationList = AFE5E80515A073B200E32EE8 /* Build configuration list for PBXNativeTarget "Inventirap" */;
			buildPhases = (
				AFE5E7E015A073B100E32EE8 /* Sources */,
				AFE5E7E115A073B100E32EE8 /* Frameworks */,
				AFE5E7E215A073B100E32EE8 /* Resources */,
			);
			buildRules = (
			);
			dependencies = (
				AFE5E81A15A0746000E32EE8 /* PBXTargetDependency */,
			);
			name = Inventirap;
			productName = Inventirap;
			productReference = AFE5E7E415A073B100E32EE8 /* Inventirap.app */;
			productType = "com.apple.product-type.application";
		};
/* End PBXNativeTarget section */

/* Begin PBXProject section */
		AFE5E7DB15A073B100E32EE8 /* Project object */ = {
			isa = PBXProject;
			attributes = {
				LastUpgradeCheck = 0430;
			};
			buildConfigurationList = AFE5E7DE15A073B100E32EE8 /* Build configuration list for PBXProject "Inventirap" */;
			compatibilityVersion = "Xcode 3.2";
			developmentRegion = English;
			hasScannedForEncodings = 0;
			knownRegions = (
				en,
			);
			mainGroup = AFE5E7D915A073B100E32EE8;
			productRefGroup = AFE5E7E515A073B100E32EE8 /* Products */;
			projectDirPath = "";
			projectReferences = (
				{
					ProductGroup = AFE5E80915A073F800E32EE8 /* Products */;
					ProjectRef = AFE5E80815A073F800E32EE8 /* ZXingWidget.xcodeproj */;
				},
			);
			projectRoot = "";
			targets = (
				AFE5E7E315A073B100E32EE8 /* Inventirap */,
			);
		};
/* End PBXProject section */

/* Begin PBXReferenceProxy section */
		AFE5E81115A073F800E32EE8 /* libZXingWidget.a */ = {
			isa = PBXReferenceProxy;
			fileType = archive.ar;
			path = libZXingWidget.a;
			remoteRef = AFE5E81015A073F800E32EE8 /* PBXContainerItemProxy */;
			sourceTree = BUILT_PRODUCTS_DIR;
		};
		AFE5E81315A073F800E32EE8 /* ZXingTests.octest */ = {
			isa = PBXReferenceProxy;
			fileType = wrapper.cfbundle;
			path = ZXingTests.octest;
			remoteRef = AFE5E81215A073F800E32EE8 /* PBXContainerItemProxy */;
			sourceTree = BUILT_PRODUCTS_DIR;
		};
/* End PBXReferenceProxy section */

/* Begin PBXResourcesBuildPhase section */
		AFE5E7E215A073B100E32EE8 /* Resources */ = {
			isa = PBXResourcesBuildPhase;
			buildActionMask = 2147483647;
			files = (
				AFE5E7F315A073B200E32EE8 /* InfoPlist.strings in Resources */,
				AFE5E7FF15A073B200E32EE8 /* ScannerViewController_iPhone.xib in Resources */,
				AFE5E80215A073B200E32EE8 /* ScannerViewController_iPad.xib in Resources */,
				AFE5E84115A0A43700E32EE8 /* InformationViewController_iPhone.xib in Resources */,
				AF9BE9D315A21D7800F6F024 /* InformationViewController_iPad.xib in Resources */,
				AFD1683215A389E50017418B /* CustomCell.xib in Resources */,
				AFD1683415A39B030017418B /* Default.png in Resources */,
				AFD1683615A39B060017418B /* Default@2x.png in Resources */,
				AFD1683815A39B200017418B /* Icon.png in Resources */,
				AFD1683A15A39B2A0017418B /* Icon@2x.png in Resources */,
				AFD1683C15A39B420017418B /* Default-Portrait@2x~ipad.png in Resources */,
				AFD1683E15A39B460017418B /* Default-Portrait~ipad.png in Resources */,
				AFD1684015A39B780017418B /* Icon-72.png in Resources */,
				AFD1684215A39B7B0017418B /* Icon-72@2x.png in Resources */,
				AFE5CEB715A7804C000CEAB7 /* SettingsViewController_iPhone.xib in Resources */,
				AFE5CEBA15A7814D000CEAB7 /* second.png in Resources */,
				AFE5CEBB15A7814D000CEAB7 /* second@2x.png in Resources */,
				AFE5CEBE15A783A2000CEAB7 /* first.png in Resources */,
				AFE5CEBF15A783A2000CEAB7 /* first@2x.png in Resources */,
				AF0B5B3015A78FFA00263815 /* DefaultSettings.plist in Resources */,
			);
			runOnlyForDeploymentPostprocessing = 0;
		};
/* End PBXResourcesBuildPhase section */

/* Begin PBXSourcesBuildPhase section */
		AFE5E7E015A073B100E32EE8 /* Sources */ = {
			isa = PBXSourcesBuildPhase;
			buildActionMask = 2147483647;
			files = (
				AFE5E7F515A073B200E32EE8 /* main.m in Sources */,
				AFE5E7F915A073B200E32EE8 /* AppDelegate.m in Sources */,
				AFE5E7FC15A073B200E32EE8 /* ScannerViewController.mm in Sources */,
				AFE5E84015A0A43700E32EE8 /* InformationViewController.m in Sources */,
				AF9BE9EB15A22DC200F6F024 /* Product.m in Sources */,
				AF9BE9F215A22E0800F6F024 /* Property.m in Sources */,
				AFD1683015A389CA0017418B /* CustomCell.m in Sources */,
				AFE5CEB615A7804C000CEAB7 /* SettingsViewController.m in Sources */,
				AF0B5B3315A796C200263815 /* Settings.m in Sources */,
			);
			runOnlyForDeploymentPostprocessing = 0;
		};
/* End PBXSourcesBuildPhase section */

/* Begin PBXTargetDependency section */
		AFE5E81A15A0746000E32EE8 /* PBXTargetDependency */ = {
			isa = PBXTargetDependency;
			name = ZXingWidget;
			targetProxy = AFE5E81915A0746000E32EE8 /* PBXContainerItemProxy */;
		};
/* End PBXTargetDependency section */

/* Begin PBXVariantGroup section */
		AFE5E7F115A073B200E32EE8 /* InfoPlist.strings */ = {
			isa = PBXVariantGroup;
			children = (
				AFE5E7F215A073B200E32EE8 /* en */,
			);
			name = InfoPlist.strings;
			sourceTree = "<group>";
		};
		AFE5E7FD15A073B200E32EE8 /* ScannerViewController_iPhone.xib */ = {
			isa = PBXVariantGroup;
			children = (
				AFE5E7FE15A073B200E32EE8 /* en */,
			);
			name = ScannerViewController_iPhone.xib;
			sourceTree = "<group>";
		};
		AFE5E80015A073B200E32EE8 /* ScannerViewController_iPad.xib */ = {
			isa = PBXVariantGroup;
			children = (
				AFE5E80115A073B200E32EE8 /* en */,
			);
			name = ScannerViewController_iPad.xib;
			sourceTree = "<group>";
		};
/* End PBXVariantGroup section */

/* Begin XCBuildConfiguration section */
		AFE5E80315A073B200E32EE8 /* Debug */ = {
			isa = XCBuildConfiguration;
			buildSettings = {
				ALWAYS_SEARCH_USER_PATHS = NO;
				ARCHS = "$(ARCHS_STANDARD_32_BIT)";
				CLANG_ENABLE_OBJC_ARC = YES;
				"CODE_SIGN_IDENTITY[sdk=iphoneos*]" = "iPhone Developer";
				COPY_PHASE_STRIP = NO;
				GCC_C_LANGUAGE_STANDARD = gnu99;
				GCC_DYNAMIC_NO_PIC = NO;
				GCC_OPTIMIZATION_LEVEL = 0;
				GCC_PREPROCESSOR_DEFINITIONS = (
					"DEBUG=1",
					"$(inherited)",
				);
				GCC_SYMBOLS_PRIVATE_EXTERN = NO;
				GCC_VERSION = com.apple.compilers.llvm.clang.1_0;
				GCC_WARN_ABOUT_RETURN_TYPE = YES;
				GCC_WARN_UNINITIALIZED_AUTOS = YES;
				GCC_WARN_UNUSED_VARIABLE = YES;
				HEADER_SEARCH_PATHS = "";
				IPHONEOS_DEPLOYMENT_TARGET = 5.1;
				SDKROOT = iphoneos;
				TARGETED_DEVICE_FAMILY = "1,2";
			};
			name = Debug;
		};
		AFE5E80415A073B200E32EE8 /* Release */ = {
			isa = XCBuildConfiguration;
			buildSettings = {
				ALWAYS_SEARCH_USER_PATHS = NO;
				ARCHS = "$(ARCHS_STANDARD_32_BIT)";
				CLANG_ENABLE_OBJC_ARC = YES;
				"CODE_SIGN_IDENTITY[sdk=iphoneos*]" = "iPhone Developer";
				COPY_PHASE_STRIP = YES;
				GCC_C_LANGUAGE_STANDARD = gnu99;
				GCC_VERSION = com.apple.compilers.llvm.clang.1_0;
				GCC_WARN_ABOUT_RETURN_TYPE = YES;
				GCC_WARN_UNINITIALIZED_AUTOS = YES;
				GCC_WARN_UNUSED_VARIABLE = YES;
				HEADER_SEARCH_PATHS = "";
				IPHONEOS_DEPLOYMENT_TARGET = 5.1;
				OTHER_CFLAGS = "-DNS_BLOCK_ASSERTIONS=1";
				SDKROOT = iphoneos;
				TARGETED_DEVICE_FAMILY = "1,2";
				VALIDATE_PRODUCT = YES;
			};
			name = Release;
		};
		AFE5E80615A073B200E32EE8 /* Debug */ = {
			isa = XCBuildConfiguration;
			buildSettings = {
				GCC_PRECOMPILE_PREFIX_HEADER = YES;
				GCC_PREFIX_HEADER = "Inventirap/Inventirap-Prefix.pch";
				HEADER_SEARCH_PATHS = (
					"../zxing/iphone/ZXingWidget/Classes/**",
					../zxing/cpp/core/src/,
				);
				INFOPLIST_FILE = "Inventirap/Inventirap-Info.plist";
				PRODUCT_NAME = "$(TARGET_NAME)";
				WRAPPER_EXTENSION = app;
			};
			name = Debug;
		};
		AFE5E80715A073B200E32EE8 /* Release */ = {
			isa = XCBuildConfiguration;
			buildSettings = {
				GCC_PRECOMPILE_PREFIX_HEADER = YES;
				GCC_PREFIX_HEADER = "Inventirap/Inventirap-Prefix.pch";
				HEADER_SEARCH_PATHS = (
					"../zxing/iphone/ZXingWidget/Classes/**",
					../zxing/cpp/core/src/,
				);
				INFOPLIST_FILE = "Inventirap/Inventirap-Info.plist";
				PRODUCT_NAME = "$(TARGET_NAME)";
				WRAPPER_EXTENSION = app;
			};
			name = Release;
		};
/* End XCBuildConfiguration section */

/* Begin XCConfigurationList section */
		AFE5E7DE15A073B100E32EE8 /* Build configuration list for PBXProject "Inventirap" */ = {
			isa = XCConfigurationList;
			buildConfigurations = (
				AFE5E80315A073B200E32EE8 /* Debug */,
				AFE5E80415A073B200E32EE8 /* Release */,
			);
			defaultConfigurationIsVisible = 0;
			defaultConfigurationName = Release;
		};
		AFE5E80515A073B200E32EE8 /* Build configuration list for PBXNativeTarget "Inventirap" */ = {
			isa = XCConfigurationList;
			buildConfigurations = (
				AFE5E80615A073B200E32EE8 /* Debug */,
				AFE5E80715A073B200E32EE8 /* Release */,
			);
			defaultConfigurationIsVisible = 0;
			defaultConfigurationName = Release;
		};
/* End XCConfigurationList section */
	};
	rootObject = AFE5E7DB15A073B100E32EE8 /* Project object */;
}
