// !$*UTF8*$!
{
	archiveVersion = 1;
	classes = {
	};
	objectVersion = 46;
	objects = {

/* Begin PBXBuildFile section */
		6E34CC4B15AED90E00A535D6 /* buttonBackground.png in Resources */ = {isa = PBXBuildFile; fileRef = 6E34CC4915AED90E00A535D6 /* buttonBackground.png */; };
		6E34CC4C15AED90E00A535D6 /* buttonBackground@2x.png in Resources */ = {isa = PBXBuildFile; fileRef = 6E34CC4A15AED90E00A535D6 /* buttonBackground@2x.png */; };
		6E34CC4F15AEDB5800A535D6 /* QuartzCore.framework in Frameworks */ = {isa = PBXBuildFile; fileRef = 6E34CC4E15AEDB5800A535D6 /* QuartzCore.framework */; };
		AF0B5B3015A78FFA00263815 /* DefaultSettings.plist in Resources */ = {isa = PBXBuildFile; fileRef = AF0B5B2F15A78FFA00263815 /* DefaultSettings.plist */; };
		AF0B5B3315A796C200263815 /* Settings.m in Sources */ = {isa = PBXBuildFile; fileRef = AF0B5B3215A796C200263815 /* Settings.m */; };
		AF3FB8EC15C983DA00D9006C /* SettingsViewController.m in Sources */ = {isa = PBXBuildFile; fileRef = AF3FB8EA15C983DA00D9006C /* SettingsViewController.m */; };
		AF3FB8ED15C983DA00D9006C /* SettingsViewController_iPhone.xib in Resources */ = {isa = PBXBuildFile; fileRef = AF3FB8EB15C983DA00D9006C /* SettingsViewController_iPhone.xib */; };
		AF3FB8F115C9842A00D9006C /* SettingsEditorViewController.m in Sources */ = {isa = PBXBuildFile; fileRef = AF3FB8EF15C9842A00D9006C /* SettingsEditorViewController.m */; };
		AF3FB8F215C9842A00D9006C /* SettingsEditorViewController_iPhone.xib in Resources */ = {isa = PBXBuildFile; fileRef = AF3FB8F015C9842A00D9006C /* SettingsEditorViewController_iPhone.xib */; };
		AF9BE9EB15A22DC200F6F024 /* Product.m in Sources */ = {isa = PBXBuildFile; fileRef = AF9BE9EA15A22DC200F6F024 /* Product.m */; };
		AF9BE9F215A22E0800F6F024 /* Property.m in Sources */ = {isa = PBXBuildFile; fileRef = AF9BE9F115A22E0800F6F024 /* Property.m */; };
		AF9EBFF015ACBC690050DA24 /* Localizable.strings in Resources */ = {isa = PBXBuildFile; fileRef = AF9EBFF215ACBC690050DA24 /* Localizable.strings */; };
		AF9EBFF915ACD1450050DA24 /* navigationBar@2x.png in Resources */ = {isa = PBXBuildFile; fileRef = AF9EBFF815ACD1450050DA24 /* navigationBar@2x.png */; };
		AF9EBFFB15ACD1550050DA24 /* navigationBar.png in Resources */ = {isa = PBXBuildFile; fileRef = AF9EBFFA15ACD1550050DA24 /* navigationBar.png */; };
		AF9EBFFD15ACD5C00050DA24 /* ViewBackground@2x.png in Resources */ = {isa = PBXBuildFile; fileRef = AF9EBFFC15ACD5C00050DA24 /* ViewBackground@2x.png */; };
		AFB775A815B3206C00850D5E /* Default.png in Resources */ = {isa = PBXBuildFile; fileRef = AFB775A615B3206C00850D5E /* Default.png */; };
		AFB775A915B3206C00850D5E /* Default@2x.png in Resources */ = {isa = PBXBuildFile; fileRef = AFB775A715B3206C00850D5E /* Default@2x.png */; };
		AFB775B215B326C800850D5E /* navigationBarButtonMore.png in Resources */ = {isa = PBXBuildFile; fileRef = AFB775B015B326C800850D5E /* navigationBarButtonMore.png */; };
		AFB775B315B326C800850D5E /* navigationBarButtonMore@2x.png in Resources */ = {isa = PBXBuildFile; fileRef = AFB775B115B326C800850D5E /* navigationBarButtonMore@2x.png */; };
		AFB775B615B327E600850D5E /* navigationBarButtonLess.png in Resources */ = {isa = PBXBuildFile; fileRef = AFB775B415B327E600850D5E /* navigationBarButtonLess.png */; };
		AFB775B715B327E600850D5E /* navigationBarButtonLess@2x.png in Resources */ = {isa = PBXBuildFile; fileRef = AFB775B515B327E600850D5E /* navigationBarButtonLess@2x.png */; };
		AFB775BB15B32DCC00850D5E /* Icon@2x.png in Resources */ = {isa = PBXBuildFile; fileRef = AFB775BA15B32DCC00850D5E /* Icon@2x.png */; };
		AFB775C015B32E6C00850D5E /* Icon-small@2x.png in Resources */ = {isa = PBXBuildFile; fileRef = AFB775BC15B32E6C00850D5E /* Icon-small@2x.png */; };
		AFB775C115B32E6C00850D5E /* Icon-small.png in Resources */ = {isa = PBXBuildFile; fileRef = AFB775BD15B32E6C00850D5E /* Icon-small.png */; };
		AFB775C215B32E6C00850D5E /* Icon.png in Resources */ = {isa = PBXBuildFile; fileRef = AFB775BE15B32E6C00850D5E /* Icon.png */; };
		AFB775C315B32E6C00850D5E /* IconGiant.png in Resources */ = {isa = PBXBuildFile; fileRef = AFB775BF15B32E6C00850D5E /* IconGiant.png */; };
		AFCD4B2315AE30D300711B3C /* settingsTabBarIcon.png in Resources */ = {isa = PBXBuildFile; fileRef = AFCD4B2115AE30D300711B3C /* settingsTabBarIcon.png */; };
		AFCD4B2415AE30D300711B3C /* settingsTabBarIcon@2x.png in Resources */ = {isa = PBXBuildFile; fileRef = AFCD4B2215AE30D300711B3C /* settingsTabBarIcon@2x.png */; };
		AFCD4B2615AE312B00711B3C /* scannerTabBarIcon@2x.png in Resources */ = {isa = PBXBuildFile; fileRef = AFCD4B2515AE312B00711B3C /* scannerTabBarIcon@2x.png */; };
		AFCD4B2815AE314500711B3C /* scannerTabBarIcon.png in Resources */ = {isa = PBXBuildFile; fileRef = AFCD4B2715AE314500711B3C /* scannerTabBarIcon.png */; };
		AFCD4B2A15AE34D700711B3C /* tabBarBackground@2x.png in Resources */ = {isa = PBXBuildFile; fileRef = AFCD4B2915AE34D700711B3C /* tabBarBackground@2x.png */; };
		AFCD4B2C15AE350A00711B3C /* tabBarBackground.png in Resources */ = {isa = PBXBuildFile; fileRef = AFCD4B2B15AE350A00711B3C /* tabBarBackground.png */; };
		AFCD4B2F15AE36C900711B3C /* tabBarItemSelected.png in Resources */ = {isa = PBXBuildFile; fileRef = AFCD4B2D15AE36C900711B3C /* tabBarItemSelected.png */; };
		AFCD4B3015AE36C900711B3C /* tabBarItemSelected@2x.png in Resources */ = {isa = PBXBuildFile; fileRef = AFCD4B2E15AE36C900711B3C /* tabBarItemSelected@2x.png */; };
		AFD1683015A389CA0017418B /* CustomCell.m in Sources */ = {isa = PBXBuildFile; fileRef = AFD1682F15A389CA0017418B /* CustomCell.m */; };
		AFD1683215A389E50017418B /* CustomCell.xib in Resources */ = {isa = PBXBuildFile; fileRef = AFD1683115A389E50017418B /* CustomCell.xib */; };
		AFE31B0F15AF91ED00A7A8A0 /* buttonReturn@Selecte.png in Resources */ = {isa = PBXBuildFile; fileRef = AFE31B0D15AF91ED00A7A8A0 /* buttonReturn@Selecte.png */; };
		AFE31B1015AF91ED00A7A8A0 /* buttonReturn@Selected2x.png in Resources */ = {isa = PBXBuildFile; fileRef = AFE31B0E15AF91ED00A7A8A0 /* buttonReturn@Selected2x.png */; };
		AFE5E7E915A073B100E32EE8 /* UIKit.framework in Frameworks */ = {isa = PBXBuildFile; fileRef = AFE5E7E815A073B100E32EE8 /* UIKit.framework */; };
		AFE5E7EB15A073B100E32EE8 /* Foundation.framework in Frameworks */ = {isa = PBXBuildFile; fileRef = AFE5E7EA15A073B100E32EE8 /* Foundation.framework */; };
		AFE5E7ED15A073B100E32EE8 /* CoreGraphics.framework in Frameworks */ = {isa = PBXBuildFile; fileRef = AFE5E7EC15A073B100E32EE8 /* CoreGraphics.framework */; };
		AFE5E7F315A073B200E32EE8 /* InfoPlist.strings in Resources */ = {isa = PBXBuildFile; fileRef = AFE5E7F115A073B200E32EE8 /* InfoPlist.strings */; };
		AFE5E7F515A073B200E32EE8 /* main.m in Sources */ = {isa = PBXBuildFile; fileRef = AFE5E7F415A073B200E32EE8 /* main.m */; };
		AFE5E7F915A073B200E32EE8 /* AppDelegate.m in Sources */ = {isa = PBXBuildFile; fileRef = AFE5E7F815A073B200E32EE8 /* AppDelegate.m */; };
		AFE5E7FC15A073B200E32EE8 /* ScannerViewController.mm in Sources */ = {isa = PBXBuildFile; fileRef = AFE5E7FB15A073B200E32EE8 /* ScannerViewController.mm */; };
		AFE5E7FF15A073B200E32EE8 /* ScannerViewController_iPhone.xib in Resources */ = {isa = PBXBuildFile; fileRef = AFE5E7FD15A073B200E32EE8 /* ScannerViewController_iPhone.xib */; };
		AFE5E81B15A0747400E32EE8 /* libZXingWidget.a in Frameworks */ = {isa = PBXBuildFile; fileRef = AFE5E81115A073F800E32EE8 /* libZXingWidget.a */; };
		AFE5E82215A0755A00E32EE8 /* AddressBook.framework in Frameworks */ = {isa = PBXBuildFile; fileRef = AFE5E81C15A0755A00E32EE8 /* AddressBook.framework */; };
		AFE5E82315A0755A00E32EE8 /* AudioToolbox.framework in Frameworks */ = {isa = PBXBuildFile; fileRef = AFE5E81D15A0755A00E32EE8 /* AudioToolbox.framework */; };
		AFE5E82415A0755A00E32EE8 /* AVFoundation.framework in Frameworks */ = {isa = PBXBuildFile; fileRef = AFE5E81E15A0755A00E32EE8 /* AVFoundation.framework */; };
		AFE5E82515A0755A00E32EE8 /* CoreMedia.framework in Frameworks */ = {isa = PBXBuildFile; fileRef = AFE5E81F15A0755A00E32EE8 /* CoreMedia.framework */; };
		AFE5E82615A0755A00E32EE8 /* CoreVideo.framework in Frameworks */ = {isa = PBXBuildFile; fileRef = AFE5E82015A0755A00E32EE8 /* CoreVideo.framework */; };
		AFE5E82715A0755A00E32EE8 /* libiconv.dylib in Frameworks */ = {isa = PBXBuildFile; fileRef = AFE5E82115A0755A00E32EE8 /* libiconv.dylib */; };
		AFE5E84015A0A43700E32EE8 /* InformationViewController.m in Sources */ = {isa = PBXBuildFile; fileRef = AFE5E83E15A0A43700E32EE8 /* InformationViewController.m */; };
		AFE5E84115A0A43700E32EE8 /* InformationViewController_iPhone.xib in Resources */ = {isa = PBXBuildFile; fileRef = AFE5E83F15A0A43700E32EE8 /* InformationViewController_iPhone.xib */; };
		AFEF1E0A15C4582200DF5233 /* Security.framework in Frameworks */ = {isa = PBXBuildFile; fileRef = AFEF1E0915C4582200DF5233 /* Security.framework */; };
		AFEF1E1715C4652B00DF5233 /* KeychainItemWrapper.m in Sources */ = {isa = PBXBuildFile; fileRef = AFEF1E1615C4652B00DF5233 /* KeychainItemWrapper.m */; };
		AFF5B5CE15AE257B00B91DE0 /* ViewBackground.png in Resources */ = {isa = PBXBuildFile; fileRef = AFF5B5CD15AE257B00B91DE0 /* ViewBackground.png */; };
/* End PBXBuildFile section */

/* Begin PBXContainerItemProxy section */
		AFE5E81015A073F800E32EE8 /* PBXContainerItemProxy */ = {
			isa = PBXContainerItemProxy;
			containerPortal = AFE5E80815A073F800E32EE8 /* ZXingWidget.xcodeproj */;
			proxyType = 2;
			remoteGlobalIDString = D2AAC07E0554694100DB518D;
			remoteInfo = ZXingWidget;
		};
		AFE5E81215A073F800E32EE8 /* PBXContainerItemProxy */ = {
			isa = PBXContainerItemProxy;
			containerPortal = AFE5E80815A073F800E32EE8 /* ZXingWidget.xcodeproj */;
			proxyType = 2;
			remoteGlobalIDString = 1D60398D13DF7CAD006F4B51;
			remoteInfo = ZXingTests;
		};
		AFE5E81915A0746000E32EE8 /* PBXContainerItemProxy */ = {
			isa = PBXContainerItemProxy;
			containerPortal = AFE5E80815A073F800E32EE8 /* ZXingWidget.xcodeproj */;
			proxyType = 1;
			remoteGlobalIDString = D2AAC07D0554694100DB518D;
			remoteInfo = ZXingWidget;
		};
/* End PBXContainerItemProxy section */

/* Begin PBXFileReference section */
		6E34CC4915AED90E00A535D6 /* buttonBackground.png */ = {isa = PBXFileReference; lastKnownFileType = image.png; path = buttonBackground.png; sourceTree = "<group>"; };
		6E34CC4A15AED90E00A535D6 /* buttonBackground@2x.png */ = {isa = PBXFileReference; lastKnownFileType = image.png; path = "buttonBackground@2x.png"; sourceTree = "<group>"; };
		6E34CC4E15AEDB5800A535D6 /* QuartzCore.framework */ = {isa = PBXFileReference; lastKnownFileType = wrapper.framework; name = QuartzCore.framework; path = System/Library/Frameworks/QuartzCore.framework; sourceTree = SDKROOT; };
		AF0B5B2F15A78FFA00263815 /* DefaultSettings.plist */ = {isa = PBXFileReference; fileEncoding = 4; lastKnownFileType = text.plist.xml; path = DefaultSettings.plist; sourceTree = "<group>"; };
		AF0B5B3115A796C200263815 /* Settings.h */ = {isa = PBXFileReference; fileEncoding = 4; lastKnownFileType = sourcecode.c.h; path = Settings.h; sourceTree = "<group>"; };
		AF0B5B3215A796C200263815 /* Settings.m */ = {isa = PBXFileReference; fileEncoding = 4; lastKnownFileType = sourcecode.c.objc; path = Settings.m; sourceTree = "<group>"; };
		AF3FB8E915C983DA00D9006C /* SettingsViewController.h */ = {isa = PBXFileReference; fileEncoding = 4; lastKnownFileType = sourcecode.c.h; path = SettingsViewController.h; sourceTree = "<group>"; };
		AF3FB8EA15C983DA00D9006C /* SettingsViewController.m */ = {isa = PBXFileReference; fileEncoding = 4; lastKnownFileType = sourcecode.c.objc; path = SettingsViewController.m; sourceTree = "<group>"; };
		AF3FB8EB15C983DA00D9006C /* SettingsViewController_iPhone.xib */ = {isa = PBXFileReference; fileEncoding = 4; lastKnownFileType = file.xib; path = SettingsViewController_iPhone.xib; sourceTree = "<group>"; };
		AF3FB8EE15C9842A00D9006C /* SettingsEditorViewController.h */ = {isa = PBXFileReference; fileEncoding = 4; lastKnownFileType = sourcecode.c.h; path = SettingsEditorViewController.h; sourceTree = "<group>"; };
		AF3FB8EF15C9842A00D9006C /* SettingsEditorViewController.m */ = {isa = PBXFileReference; fileEncoding = 4; lastKnownFileType = sourcecode.c.objc; path = SettingsEditorViewController.m; sourceTree = "<group>"; };
		AF3FB8F015C9842A00D9006C /* SettingsEditorViewController_iPhone.xib */ = {isa = PBXFileReference; fileEncoding = 4; lastKnownFileType = file.xib; path = SettingsEditorViewController_iPhone.xib; sourceTree = "<group>"; };
		AF9BE9E915A22DC200F6F024 /* Product.h */ = {isa = PBXFileReference; fileEncoding = 4; lastKnownFileType = sourcecode.c.h; path = Product.h; sourceTree = "<group>"; };
		AF9BE9EA15A22DC200F6F024 /* Product.m */ = {isa = PBXFileReference; fileEncoding = 4; lastKnownFileType = sourcecode.c.objc; path = Product.m; sourceTree = "<group>"; };
		AF9BE9F015A22E0800F6F024 /* Property.h */ = {isa = PBXFileReference; fileEncoding = 4; lastKnownFileType = sourcecode.c.h; path = Property.h; sourceTree = "<group>"; };
		AF9BE9F115A22E0800F6F024 /* Property.m */ = {isa = PBXFileReference; fileEncoding = 4; lastKnownFileType = sourcecode.c.objc; path = Property.m; sourceTree = "<group>"; };
		AF9EBFF115ACBC690050DA24 /* en */ = {isa = PBXFileReference; lastKnownFileType = text.plist.strings; name = en; path = en.lproj/Localizable.strings; sourceTree = "<group>"; };
		AF9EBFF315ACBC720050DA24 /* fr */ = {isa = PBXFileReference; lastKnownFileType = text.plist.strings; name = fr; path = fr.lproj/Localizable.strings; sourceTree = "<group>"; };
		AF9EBFF815ACD1450050DA24 /* navigationBar@2x.png */ = {isa = PBXFileReference; lastKnownFileType = image.png; path = "navigationBar@2x.png"; sourceTree = "<group>"; };
		AF9EBFFA15ACD1550050DA24 /* navigationBar.png */ = {isa = PBXFileReference; lastKnownFileType = image.png; path = navigationBar.png; sourceTree = "<group>"; };
		AF9EBFFC15ACD5C00050DA24 /* ViewBackground@2x.png */ = {isa = PBXFileReference; lastKnownFileType = image.png; path = "ViewBackground@2x.png"; sourceTree = "<group>"; };
		AFB775A615B3206C00850D5E /* Default.png */ = {isa = PBXFileReference; lastKnownFileType = image.png; path = Default.png; sourceTree = "<group>"; };
		AFB775A715B3206C00850D5E /* Default@2x.png */ = {isa = PBXFileReference; lastKnownFileType = image.png; path = "Default@2x.png"; sourceTree = "<group>"; };
		AFB775B015B326C800850D5E /* navigationBarButtonMore.png */ = {isa = PBXFileReference; lastKnownFileType = image.png; path = navigationBarButtonMore.png; sourceTree = "<group>"; };
		AFB775B115B326C800850D5E /* navigationBarButtonMore@2x.png */ = {isa = PBXFileReference; lastKnownFileType = image.png; path = "navigationBarButtonMore@2x.png"; sourceTree = "<group>"; };
		AFB775B415B327E600850D5E /* navigationBarButtonLess.png */ = {isa = PBXFileReference; lastKnownFileType = image.png; path = navigationBarButtonLess.png; sourceTree = "<group>"; };
		AFB775B515B327E600850D5E /* navigationBarButtonLess@2x.png */ = {isa = PBXFileReference; lastKnownFileType = image.png; path = "navigationBarButtonLess@2x.png"; sourceTree = "<group>"; };
		AFB775BA15B32DCC00850D5E /* Icon@2x.png */ = {isa = PBXFileReference; lastKnownFileType = image.png; path = "Icon@2x.png"; sourceTree = "<group>"; };
		AFB775BC15B32E6C00850D5E /* Icon-small@2x.png */ = {isa = PBXFileReference; lastKnownFileType = image.png; path = "Icon-small@2x.png"; sourceTree = "<group>"; };
		AFB775BD15B32E6C00850D5E /* Icon-small.png */ = {isa = PBXFileReference; lastKnownFileType = image.png; path = "Icon-small.png"; sourceTree = "<group>"; };
		AFB775BE15B32E6C00850D5E /* Icon.png */ = {isa = PBXFileReference; lastKnownFileType = image.png; path = Icon.png; sourceTree = "<group>"; };
		AFB775BF15B32E6C00850D5E /* IconGiant.png */ = {isa = PBXFileReference; lastKnownFileType = image.png; path = IconGiant.png; sourceTree = "<group>"; };
		AFCD4B2115AE30D300711B3C /* settingsTabBarIcon.png */ = {isa = PBXFileReference; lastKnownFileType = image.png; path = settingsTabBarIcon.png; sourceTree = "<group>"; };
		AFCD4B2215AE30D300711B3C /* settingsTabBarIcon@2x.png */ = {isa = PBXFileReference; lastKnownFileType = image.png; path = "settingsTabBarIcon@2x.png"; sourceTree = "<group>"; };
		AFCD4B2515AE312B00711B3C /* scannerTabBarIcon@2x.png */ = {isa = PBXFileReference; lastKnownFileType = image.png; path = "scannerTabBarIcon@2x.png"; sourceTree = "<group>"; };
		AFCD4B2715AE314500711B3C /* scannerTabBarIcon.png */ = {isa = PBXFileReference; lastKnownFileType = image.png; path = scannerTabBarIcon.png; sourceTree = "<group>"; };
		AFCD4B2915AE34D700711B3C /* tabBarBackground@2x.png */ = {isa = PBXFileReference; lastKnownFileType = image.png; path = "tabBarBackground@2x.png"; sourceTree = "<group>"; };
		AFCD4B2B15AE350A00711B3C /* tabBarBackground.png */ = {isa = PBXFileReference; lastKnownFileType = image.png; path = tabBarBackground.png; sourceTree = "<group>"; };
		AFCD4B2D15AE36C900711B3C /* tabBarItemSelected.png */ = {isa = PBXFileReference; lastKnownFileType = image.png; path = tabBarItemSelected.png; sourceTree = "<group>"; };
		AFCD4B2E15AE36C900711B3C /* tabBarItemSelected@2x.png */ = {isa = PBXFileReference; lastKnownFileType = image.png; path = "tabBarItemSelected@2x.png"; sourceTree = "<group>"; };
		AFD1682E15A389CA0017418B /* CustomCell.h */ = {isa = PBXFileReference; fileEncoding = 4; lastKnownFileType = sourcecode.c.h; path = CustomCell.h; sourceTree = "<group>"; };
		AFD1682F15A389CA0017418B /* CustomCell.m */ = {isa = PBXFileReference; fileEncoding = 4; lastKnownFileType = sourcecode.c.objc; path = CustomCell.m; sourceTree = "<group>"; };
		AFD1683115A389E50017418B /* CustomCell.xib */ = {isa = PBXFileReference; fileEncoding = 4; lastKnownFileType = file.xib; path = CustomCell.xib; sourceTree = "<group>"; };
		AFE31B0D15AF91ED00A7A8A0 /* buttonReturn@Selecte.png */ = {isa = PBXFileReference; lastKnownFileType = image.png; path = "buttonReturn@Selecte.png"; sourceTree = "<group>"; };
		AFE31B0E15AF91ED00A7A8A0 /* buttonReturn@Selected2x.png */ = {isa = PBXFileReference; lastKnownFileType = image.png; path = "buttonReturn@Selected2x.png"; sourceTree = "<group>"; };
		AFE5E7E415A073B100E32EE8 /* Inventirap.app */ = {isa = PBXFileReference; explicitFileType = wrapper.application; includeInIndex = 0; path = Inventirap.app; sourceTree = BUILT_PRODUCTS_DIR; };
		AFE5E7E815A073B100E32EE8 /* UIKit.framework */ = {isa = PBXFileReference; lastKnownFileType = wrapper.framework; name = UIKit.framework; path = System/Library/Frameworks/UIKit.framework; sourceTree = SDKROOT; };
		AFE5E7EA15A073B100E32EE8 /* Foundation.framework */ = {isa = PBXFileReference; lastKnownFileType = wrapper.framework; name = Foundation.framework; path = System/Library/Frameworks/Foundation.framework; sourceTree = SDKROOT; };
		AFE5E7EC15A073B100E32EE8 /* CoreGraphics.framework */ = {isa = PBXFileReference; lastKnownFileType = wrapper.framework; name = CoreGraphics.framework; path = System/Library/Frameworks/CoreGraphics.framework; sourceTree = SDKROOT; };
		AFE5E7F015A073B200E32EE8 /* Inventirap-Info.plist */ = {isa = PBXFileReference; lastKnownFileType = text.plist.xml; path = "Inventirap-Info.plist"; sourceTree = "<group>"; };
		AFE5E7F215A073B200E32EE8 /* en */ = {isa = PBXFileReference; lastKnownFileType = text.plist.strings; name = en; path = en.lproj/InfoPlist.strings; sourceTree = "<group>"; };
		AFE5E7F415A073B200E32EE8 /* main.m */ = {isa = PBXFileReference; lastKnownFileType = sourcecode.c.objc; path = main.m; sourceTree = "<group>"; };
		AFE5E7F615A073B200E32EE8 /* Inventirap-Prefix.pch */ = {isa = PBXFileReference; lastKnownFileType = sourcecode.c.h; path = "Inventirap-Prefix.pch"; sourceTree = "<group>"; };
		AFE5E7F715A073B200E32EE8 /* AppDelegate.h */ = {isa = PBXFileReference; lastKnownFileType = sourcecode.c.h; path = AppDelegate.h; sourceTree = "<group>"; };
		AFE5E7F815A073B200E32EE8 /* AppDelegate.m */ = {isa = PBXFileReference; lastKnownFileType = sourcecode.c.objc; path = AppDelegate.m; sourceTree = "<group>"; };
		AFE5E7FA15A073B200E32EE8 /* ScannerViewController.h */ = {isa = PBXFileReference; lastKnownFileType = sourcecode.c.h; path = ScannerViewController.h; sourceTree = "<group>"; };
		AFE5E7FB15A073B200E32EE8 /* ScannerViewController.mm */ = {isa = PBXFileReference; lastKnownFileType = sourcecode.cpp.objcpp; path = ScannerViewController.mm; sourceTree = "<group>"; };
		AFE5E7FE15A073B200E32EE8 /* en */ = {isa = PBXFileReference; lastKnownFileType = file.xib; name = en; path = en.lproj/ScannerViewController_iPhone.xib; sourceTree = "<group>"; };
		AFE5E80815A073F800E32EE8 /* ZXingWidget.xcodeproj */ = {isa = PBXFileReference; lastKnownFileType = "wrapper.pb-project"; name = ZXingWidget.xcodeproj; path = ../zxing/iphone/ZXingWidget/ZXingWidget.xcodeproj; sourceTree = "<group>"; };
		AFE5E81C15A0755A00E32EE8 /* AddressBook.framework */ = {isa = PBXFileReference; lastKnownFileType = wrapper.framework; name = AddressBook.framework; path = System/Library/Frameworks/AddressBook.framework; sourceTree = SDKROOT; };
		AFE5E81D15A0755A00E32EE8 /* AudioToolbox.framework */ = {isa = PBXFileReference; lastKnownFileType = wrapper.framework; name = AudioToolbox.framework; path = System/Library/Frameworks/AudioToolbox.framework; sourceTree = SDKROOT; };
		AFE5E81E15A0755A00E32EE8 /* AVFoundation.framework */ = {isa = PBXFileReference; lastKnownFileType = wrapper.framework; name = AVFoundation.framework; path = System/Library/Frameworks/AVFoundation.framework; sourceTree = SDKROOT; };
		AFE5E81F15A0755A00E32EE8 /* CoreMedia.framework */ = {isa = PBXFileReference; lastKnownFileType = wrapper.framework; name = CoreMedia.framework; path = System/Library/Frameworks/CoreMedia.framework; sourceTree = SDKROOT; };
		AFE5E82015A0755A00E32EE8 /* CoreVideo.framework */ = {isa = PBXFileReference; lastKnownFileType = wrapper.framework; name = CoreVideo.framework; path = System/Library/Frameworks/CoreVideo.framework; sourceTree = SDKROOT; };
		AFE5E82115A0755A00E32EE8 /* libiconv.dylib */ = {isa = PBXFileReference; lastKnownFileType = "compiled.mach-o.dylib"; name = libiconv.dylib; path = usr/lib/libiconv.dylib; sourceTree = SDKROOT; };
		AFE5E83D15A0A43700E32EE8 /* InformationViewController.h */ = {isa = PBXFileReference; fileEncoding = 4; lastKnownFileType = sourcecode.c.h; path = InformationViewController.h; sourceTree = "<group>"; };
		AFE5E83E15A0A43700E32EE8 /* InformationViewController.m */ = {isa = PBXFileReference; fileEncoding = 4; lastKnownFileType = sourcecode.c.objc; path = InformationViewController.m; sourceTree = "<group>"; };
		AFE5E83F15A0A43700E32EE8 /* InformationViewController_iPhone.xib */ = {isa = PBXFileReference; fileEncoding = 4; lastKnownFileType = file.xib; path = InformationViewController_iPhone.xib; sourceTree = "<group>"; };
		AFEF1E0915C4582200DF5233 /* Security.framework */ = {isa = PBXFileReference; lastKnownFileType = wrapper.framework; name = Security.framework; path = System/Library/Frameworks/Security.framework; sourceTree = SDKROOT; };
		AFEF1E1515C4652B00DF5233 /* KeychainItemWrapper.h */ = {isa = PBXFileReference; fileEncoding = 4; lastKnownFileType = sourcecode.c.h; path = KeychainItemWrapper.h; sourceTree = "<group>"; };
		AFEF1E1615C4652B00DF5233 /* KeychainItemWrapper.m */ = {isa = PBXFileReference; fileEncoding = 4; lastKnownFileType = sourcecode.c.objc; path = KeychainItemWrapper.m; sourceTree = "<group>"; };
		AFF5B5CD15AE257B00B91DE0 /* ViewBackground.png */ = {isa = PBXFileReference; lastKnownFileType = image.png; path = ViewBackground.png; sourceTree = "<group>"; };
/* End PBXFileReference section */

/* Begin PBXFrameworksBuildPhase section */
		AFE5E7E115A073B100E32EE8 /* Frameworks */ = {
			isa = PBXFrameworksBuildPhase;
			buildActionMask = 2147483647;
			files = (
				AFEF1E0A15C4582200DF5233 /* Security.framework in Frameworks */,
				6E34CC4F15AEDB5800A535D6 /* QuartzCore.framework in Frameworks */,
				AFE5E82215A0755A00E32EE8 /* AddressBook.framework in Frameworks */,
				AFE5E82315A0755A00E32EE8 /* AudioToolbox.framework in Frameworks */,
				AFE5E82415A0755A00E32EE8 /* AVFoundation.framework in Frameworks */,
				AFE5E82515A0755A00E32EE8 /* CoreMedia.framework in Frameworks */,
				AFE5E82615A0755A00E32EE8 /* CoreVideo.framework in Frameworks */,
				AFE5E82715A0755A00E32EE8 /* libiconv.dylib in Frameworks */,
				AFE5E81B15A0747400E32EE8 /* libZXingWidget.a in Frameworks */,
				AFE5E7E915A073B100E32EE8 /* UIKit.framework in Frameworks */,
				AFE5E7EB15A073B100E32EE8 /* Foundation.framework in Frameworks */,
				AFE5E7ED15A073B100E32EE8 /* CoreGraphics.framework in Frameworks */,
			);
			runOnlyForDeploymentPostprocessing = 0;
		};
/* End PBXFrameworksBuildPhase section */

/* Begin PBXGroup section */
		6E34CC4D15AED91500A535D6 /* Buttons */ = {
			isa = PBXGroup;
			children = (
				AFE31B0D15AF91ED00A7A8A0 /* buttonReturn@Selecte.png */,
				AFE31B0E15AF91ED00A7A8A0 /* buttonReturn@Selected2x.png */,
				6E34CC4A15AED90E00A535D6 /* buttonBackground@2x.png */,
				6E34CC4915AED90E00A535D6 /* buttonBackground.png */,
			);
			name = Buttons;
			sourceTree = "<group>";
		};
		AF9BE9E815A22D5000F6F024 /* Model */ = {
			isa = PBXGroup;
			children = (
				AF9BE9E915A22DC200F6F024 /* Product.h */,
				AF9BE9EA15A22DC200F6F024 /* Product.m */,
				AF9BE9F015A22E0800F6F024 /* Property.h */,
				AF9BE9F115A22E0800F6F024 /* Property.m */,
				AF0B5B3115A796C200263815 /* Settings.h */,
				AF0B5B3215A796C200263815 /* Settings.m */,
			);
			name = Model;
			sourceTree = "<group>";
		};
		AFCE620C15ACE13400EFC6E3 /* TabBar */ = {
			isa = PBXGroup;
			children = (
				AFCD4B2915AE34D700711B3C /* tabBarBackground@2x.png */,
				AFCD4B2B15AE350A00711B3C /* tabBarBackground.png */,
				AFCD4B2D15AE36C900711B3C /* tabBarItemSelected.png */,
				AFCD4B2E15AE36C900711B3C /* tabBarItemSelected@2x.png */,
				AFCD4B2115AE30D300711B3C /* settingsTabBarIcon.png */,
				AFCD4B2215AE30D300711B3C /* settingsTabBarIcon@2x.png */,
				AFCD4B2515AE312B00711B3C /* scannerTabBarIcon@2x.png */,
				AFCD4B2715AE314500711B3C /* scannerTabBarIcon.png */,
			);
			name = TabBar;
			sourceTree = "<group>";
		};
		AFCE620D15ACE14A00EFC6E3 /* Icons */ = {
			isa = PBXGroup;
			children = (
				AFB775BF15B32E6C00850D5E /* IconGiant.png */,
				AFB775BA15B32DCC00850D5E /* Icon@2x.png */,
				AFB775BE15B32E6C00850D5E /* Icon.png */,
				AFB775BC15B32E6C00850D5E /* Icon-small@2x.png */,
				AFB775BD15B32E6C00850D5E /* Icon-small.png */,
			);
			name = Icons;
			sourceTree = "<group>";
		};
		AFCE620E15ACE15B00EFC6E3 /* Launch Images */ = {
			isa = PBXGroup;
			children = (
				AFB775A615B3206C00850D5E /* Default.png */,
				AFB775A715B3206C00850D5E /* Default@2x.png */,
			);
			name = "Launch Images";
			sourceTree = "<group>";
		};
		AFCE620F15ACE17500EFC6E3 /* NavigationBar */ = {
			isa = PBXGroup;
			children = (
				AF9EBFF815ACD1450050DA24 /* navigationBar@2x.png */,
				AF9EBFFA15ACD1550050DA24 /* navigationBar.png */,
				AFB775B115B326C800850D5E /* navigationBarButtonMore@2x.png */,
				AFB775B015B326C800850D5E /* navigationBarButtonMore.png */,
				AFB775B515B327E600850D5E /* navigationBarButtonLess@2x.png */,
				AFB775B415B327E600850D5E /* navigationBarButtonLess.png */,
			);
			name = NavigationBar;
			sourceTree = "<group>";
		};
		AFCE621015ACE18B00EFC6E3 /* Backgrounds */ = {
			isa = PBXGroup;
			children = (
				AF9EBFFC15ACD5C00050DA24 /* ViewBackground@2x.png */,
				AFF5B5CD15AE257B00B91DE0 /* ViewBackground.png */,
			);
			name = Backgrounds;
			sourceTree = "<group>";
		};
		AFD1682D15A3678D0017418B /* Views */ = {
			isa = PBXGroup;
			children = (
				AFD1682E15A389CA0017418B /* CustomCell.h */,
				AFD1682F15A389CA0017418B /* CustomCell.m */,
			);
			name = Views;
			sourceTree = "<group>";
		};
		AFD1684715A39BB90017418B /* Images */ = {
			isa = PBXGroup;
			children = (
				AFCE620C15ACE13400EFC6E3 /* TabBar */,
				AFCE620F15ACE17500EFC6E3 /* NavigationBar */,
				AFCE621015ACE18B00EFC6E3 /* Backgrounds */,
				6E34CC4D15AED91500A535D6 /* Buttons */,
				AFCE620D15ACE14A00EFC6E3 /* Icons */,
				AFCE620E15ACE15B00EFC6E3 /* Launch Images */,
			);
			name = Images;
			path = ..;
			sourceTree = "<group>";
		};
		AFE5CEB015A77FC5000CEAB7 /* Resources */ = {
			isa = PBXGroup;
			children = (
				AFE5E7FD15A073B200E32EE8 /* ScannerViewController_iPhone.xib */,
				AFE5E83F15A0A43700E32EE8 /* InformationViewController_iPhone.xib */,
				AF3FB8EB15C983DA00D9006C /* SettingsViewController_iPhone.xib */,
				AF3FB8F015C9842A00D9006C /* SettingsEditorViewController_iPhone.xib */,
				AFD1683115A389E50017418B /* CustomCell.xib */,
				AFD1684715A39BB90017418B /* Images */,
			);
			name = Resources;
			sourceTree = "<group>";
		};
		AFE5E7D915A073B100E32EE8 = {
			isa = PBXGroup;
			children = (
				AFE5E7EE15A073B100E32EE8 /* Inventirap */,
				AFE5E7E715A073B100E32EE8 /* Frameworks */,
				AFE5E7E515A073B100E32EE8 /* Products */,
				AFE5E81415A0740D00E32EE8 /* Dependencies */,
			);
			sourceTree = "<group>";
		};
		AFE5E7E515A073B100E32EE8 /* Products */ = {
			isa = PBXGroup;
			children = (
				AFE5E7E415A073B100E32EE8 /* Inventirap.app */,
			);
			name = Products;
			sourceTree = "<group>";
		};
		AFE5E7E715A073B100E32EE8 /* Frameworks */ = {
			isa = PBXGroup;
			children = (
				AFE5E7EC15A073B100E32EE8 /* CoreGraphics.framework */,
				AFE5E7EA15A073B100E32EE8 /* Foundation.framework */,
				6E34CC4E15AEDB5800A535D6 /* QuartzCore.framework */,
				AFEF1E0915C4582200DF5233 /* Security.framework */,
				AFE5E7E815A073B100E32EE8 /* UIKit.framework */,
			);
			name = Frameworks;
			sourceTree = "<group>";
		};
		AFE5E7EE15A073B100E32EE8 /* Inventirap */ = {
			isa = PBXGroup;
			children = (
				AFE5E7F715A073B200E32EE8 /* AppDelegate.h */,
				AFE5E7F815A073B200E32EE8 /* AppDelegate.m */,
				AFE5E83C15A09B6A00E32EE8 /* Controllers */,
				AFD1682D15A3678D0017418B /* Views */,
				AF9BE9E815A22D5000F6F024 /* Model */,
				AFEF1E1215C45B3000DF5233 /* Utilities */,
				AFE5CEB015A77FC5000CEAB7 /* Resources */,
				AFE5E7EF15A073B200E32EE8 /* Supporting Files */,
			);
			path = Inventirap;
			sourceTree = "<group>";
		};
		AFE5E7EF15A073B200E32EE8 /* Supporting Files */ = {
			isa = PBXGroup;
			children = (
				AF0B5B2F15A78FFA00263815 /* DefaultSettings.plist */,
				AFE5E7F015A073B200E32EE8 /* Inventirap-Info.plist */,
				AFE5E7F115A073B200E32EE8 /* InfoPlist.strings */,
				AFE5E7F415A073B200E32EE8 /* main.m */,
				AFE5E7F615A073B200E32EE8 /* Inventirap-Prefix.pch */,
				AF9EBFF215ACBC690050DA24 /* Localizable.strings */,
			);
			name = "Supporting Files";
			sourceTree = "<group>";
		};
		AFE5E80915A073F800E32EE8 /* Products */ = {
			isa = PBXGroup;
			children = (
				AFE5E81115A073F800E32EE8 /* libZXingWidget.a */,
				AFE5E81315A073F800E32EE8 /* ZXingTests.octest */,
			);
			name = Products;
			sourceTree = "<group>";
		};
		AFE5E81415A0740D00E32EE8 /* Dependencies */ = {
			isa = PBXGroup;
			children = (
				AFE5E81C15A0755A00E32EE8 /* AddressBook.framework */,
				AFE5E81D15A0755A00E32EE8 /* AudioToolbox.framework */,
				AFE5E81E15A0755A00E32EE8 /* AVFoundation.framework */,
				AFE5E81F15A0755A00E32EE8 /* CoreMedia.framework */,
				AFE5E82015A0755A00E32EE8 /* CoreVideo.framework */,
				AFE5E82115A0755A00E32EE8 /* libiconv.dylib */,
				AFE5E80815A073F800E32EE8 /* ZXingWidget.xcodeproj */,
			);
			name = Dependencies;
			sourceTree = "<group>";
		};
		AFE5E83C15A09B6A00E32EE8 /* Controllers */ = {
			isa = PBXGroup;
			children = (
				AFE5E7FA15A073B200E32EE8 /* ScannerViewController.h */,
				AFE5E7FB15A073B200E32EE8 /* ScannerViewController.mm */,
				AFE5E83D15A0A43700E32EE8 /* InformationViewController.h */,
				AFE5E83E15A0A43700E32EE8 /* InformationViewController.m */,
				AF3FB8E915C983DA00D9006C /* SettingsViewController.h */,
				AF3FB8EA15C983DA00D9006C /* SettingsViewController.m */,
				AF3FB8EE15C9842A00D9006C /* SettingsEditorViewController.h */,
				AF3FB8EF15C9842A00D9006C /* SettingsEditorViewController.m */,
			);
			name = Controllers;
			sourceTree = "<group>";
		};
		AFEF1E1215C45B3000DF5233 /* Utilities */ = {
			isa = PBXGroup;
			children = (
				AFEF1E1515C4652B00DF5233 /* KeychainItemWrapper.h */,
				AFEF1E1615C4652B00DF5233 /* KeychainItemWrapper.m */,
			);
			name = Utilities;
			sourceTree = "<group>";
		};
/* End PBXGroup section */

/* Begin PBXNativeTarget section */
		AFE5E7E315A073B100E32EE8 /* Inventirap */ = {
			isa = PBXNativeTarget;
			buildConfigurationList = AFE5E80515A073B200E32EE8 /* Build configuration list for PBXNativeTarget "Inventirap" */;
			buildPhases = (
				AFE5E7E015A073B100E32EE8 /* Sources */,
				AFE5E7E115A073B100E32EE8 /* Frameworks */,
				AFE5E7E215A073B100E32EE8 /* Resources */,
			);
			buildRules = (
			);
			dependencies = (
				AFE5E81A15A0746000E32EE8 /* PBXTargetDependency */,
			);
			name = Inventirap;
			productName = Inventirap;
			productReference = AFE5E7E415A073B100E32EE8 /* Inventirap.app */;
			productType = "com.apple.product-type.application";
		};
/* End PBXNativeTarget section */

/* Begin PBXProject section */
		AFE5E7DB15A073B100E32EE8 /* Project object */ = {
			isa = PBXProject;
			attributes = {
				LastUpgradeCheck = 0430;
			};
			buildConfigurationList = AFE5E7DE15A073B100E32EE8 /* Build configuration list for PBXProject "Inventirap" */;
			compatibilityVersion = "Xcode 3.2";
			developmentRegion = English;
			hasScannedForEncodings = 0;
			knownRegions = (
				en,
				fr,
			);
			mainGroup = AFE5E7D915A073B100E32EE8;
			productRefGroup = AFE5E7E515A073B100E32EE8 /* Products */;
			projectDirPath = "";
			projectReferences = (
				{
					ProductGroup = AFE5E80915A073F800E32EE8 /* Products */;
					ProjectRef = AFE5E80815A073F800E32EE8 /* ZXingWidget.xcodeproj */;
				},
			);
			projectRoot = "";
			targets = (
				AFE5E7E315A073B100E32EE8 /* Inventirap */,
			);
		};
/* End PBXProject section */

/* Begin PBXReferenceProxy section */
		AFE5E81115A073F800E32EE8 /* libZXingWidget.a */ = {
			isa = PBXReferenceProxy;
			fileType = archive.ar;
			path = libZXingWidget.a;
			remoteRef = AFE5E81015A073F800E32EE8 /* PBXContainerItemProxy */;
			sourceTree = BUILT_PRODUCTS_DIR;
		};
		AFE5E81315A073F800E32EE8 /* ZXingTests.octest */ = {
			isa = PBXReferenceProxy;
			fileType = wrapper.cfbundle;
			path = ZXingTests.octest;
			remoteRef = AFE5E81215A073F800E32EE8 /* PBXContainerItemProxy */;
			sourceTree = BUILT_PRODUCTS_DIR;
		};
/* End PBXReferenceProxy section */

/* Begin PBXResourcesBuildPhase section */
		AFE5E7E215A073B100E32EE8 /* Resources */ = {
			isa = PBXResourcesBuildPhase;
			buildActionMask = 2147483647;
			files = (
				AFE5E7F315A073B200E32EE8 /* InfoPlist.strings in Resources */,
				AFE5E7FF15A073B200E32EE8 /* ScannerViewController_iPhone.xib in Resources */,
				AFE5E84115A0A43700E32EE8 /* InformationViewController_iPhone.xib in Resources */,
				AFD1683215A389E50017418B /* CustomCell.xib in Resources */,
				AF0B5B3015A78FFA00263815 /* DefaultSettings.plist in Resources */,
				AF9EBFF015ACBC690050DA24 /* Localizable.strings in Resources */,
				AF9EBFF915ACD1450050DA24 /* navigationBar@2x.png in Resources */,
				AF9EBFFB15ACD1550050DA24 /* navigationBar.png in Resources */,
				AF9EBFFD15ACD5C00050DA24 /* ViewBackground@2x.png in Resources */,
				AFF5B5CE15AE257B00B91DE0 /* ViewBackground.png in Resources */,
				AFCD4B2315AE30D300711B3C /* settingsTabBarIcon.png in Resources */,
				AFCD4B2415AE30D300711B3C /* settingsTabBarIcon@2x.png in Resources */,
				AFCD4B2615AE312B00711B3C /* scannerTabBarIcon@2x.png in Resources */,
				AFCD4B2815AE314500711B3C /* scannerTabBarIcon.png in Resources */,
				AFCD4B2A15AE34D700711B3C /* tabBarBackground@2x.png in Resources */,
				AFCD4B2C15AE350A00711B3C /* tabBarBackground.png in Resources */,
				AFCD4B2F15AE36C900711B3C /* tabBarItemSelected.png in Resources */,
				AFCD4B3015AE36C900711B3C /* tabBarItemSelected@2x.png in Resources */,
				6E34CC4B15AED90E00A535D6 /* buttonBackground.png in Resources */,
				6E34CC4C15AED90E00A535D6 /* buttonBackground@2x.png in Resources */,
				AFE31B0F15AF91ED00A7A8A0 /* buttonReturn@Selecte.png in Resources */,
				AFE31B1015AF91ED00A7A8A0 /* buttonReturn@Selected2x.png in Resources */,
				AFB775A815B3206C00850D5E /* Default.png in Resources */,
				AFB775A915B3206C00850D5E /* Default@2x.png in Resources */,
				AFB775B215B326C800850D5E /* navigationBarButtonMore.png in Resources */,
				AFB775B315B326C800850D5E /* navigationBarButtonMore@2x.png in Resources */,
				AFB775B615B327E600850D5E /* navigationBarButtonLess.png in Resources */,
				AFB775B715B327E600850D5E /* navigationBarButtonLess@2x.png in Resources */,
				AFB775BB15B32DCC00850D5E /* Icon@2x.png in Resources */,
				AFB775C015B32E6C00850D5E /* Icon-small@2x.png in Resources */,
				AFB775C115B32E6C00850D5E /* Icon-small.png in Resources */,
				AFB775C215B32E6C00850D5E /* Icon.png in Resources */,
				AFB775C315B32E6C00850D5E /* IconGiant.png in Resources */,
				AF3FB8ED15C983DA00D9006C /* SettingsViewController_iPhone.xib in Resources */,
				AF3FB8F215C9842A00D9006C /* SettingsEditorViewController_iPhone.xib in Resources */,
			);
			runOnlyForDeploymentPostprocessing = 0;
		};
/* End PBXResourcesBuildPhase section */

/* Begin PBXSourcesBuildPhase section */
		AFE5E7E015A073B100E32EE8 /* Sources */ = {
			isa = PBXSourcesBuildPhase;
			buildActionMask = 2147483647;
			files = (
				AFE5E7F515A073B200E32EE8 /* main.m in Sources */,
				AFE5E7F915A073B200E32EE8 /* AppDelegate.m in Sources */,
				AFE5E7FC15A073B200E32EE8 /* ScannerViewController.mm in Sources */,
				AFE5E84015A0A43700E32EE8 /* InformationViewController.m in Sources */,
				AF9BE9EB15A22DC200F6F024 /* Product.m in Sources */,
				AF9BE9F215A22E0800F6F024 /* Property.m in Sources */,
				AFD1683015A389CA0017418B /* CustomCell.m in Sources */,
				AF0B5B3315A796C200263815 /* Settings.m in Sources */,
				AFEF1E1715C4652B00DF5233 /* KeychainItemWrapper.m in Sources */,
				AF3FB8EC15C983DA00D9006C /* SettingsViewController.m in Sources */,
				AF3FB8F115C9842A00D9006C /* SettingsEditorViewController.m in Sources */,
			);
			runOnlyForDeploymentPostprocessing = 0;
		};
/* End PBXSourcesBuildPhase section */

/* Begin PBXTargetDependency section */
		AFE5E81A15A0746000E32EE8 /* PBXTargetDependency */ = {
			isa = PBXTargetDependency;
			name = ZXingWidget;
			targetProxy = AFE5E81915A0746000E32EE8 /* PBXContainerItemProxy */;
		};
/* End PBXTargetDependency section */

/* Begin PBXVariantGroup section */
		AF9EBFF215ACBC690050DA24 /* Localizable.strings */ = {
			isa = PBXVariantGroup;
			children = (
				AF9EBFF115ACBC690050DA24 /* en */,
				AF9EBFF315ACBC720050DA24 /* fr */,
			);
			name = Localizable.strings;
			sourceTree = "<group>";
		};
		AFE5E7F115A073B200E32EE8 /* InfoPlist.strings */ = {
			isa = PBXVariantGroup;
			children = (
				AFE5E7F215A073B200E32EE8 /* en */,
			);
			name = InfoPlist.strings;
			sourceTree = "<group>";
		};
		AFE5E7FD15A073B200E32EE8 /* ScannerViewController_iPhone.xib */ = {
			isa = PBXVariantGroup;
			children = (
				AFE5E7FE15A073B200E32EE8 /* en */,
			);
			name = ScannerViewController_iPhone.xib;
			sourceTree = "<group>";
		};
/* End PBXVariantGroup section */

/* Begin XCBuildConfiguration section */
		AFE5E80315A073B200E32EE8 /* Debug */ = {
			isa = XCBuildConfiguration;
			buildSettings = {
				ALWAYS_SEARCH_USER_PATHS = NO;
				ARCHS = "$(ARCHS_STANDARD_32_BIT)";
				CLANG_ENABLE_OBJC_ARC = YES;
				"CODE_SIGN_IDENTITY[sdk=iphoneos*]" = "iPhone Developer";
				COPY_PHASE_STRIP = NO;
				GCC_C_LANGUAGE_STANDARD = gnu99;
				GCC_DYNAMIC_NO_PIC = NO;
				GCC_OPTIMIZATION_LEVEL = 0;
				GCC_PREPROCESSOR_DEFINITIONS = (
					"DEBUG=1",
					"$(inherited)",
				);
				GCC_SYMBOLS_PRIVATE_EXTERN = NO;
				GCC_VERSION = com.apple.compilers.llvm.clang.1_0;
				GCC_WARN_ABOUT_RETURN_TYPE = YES;
				GCC_WARN_UNINITIALIZED_AUTOS = YES;
				GCC_WARN_UNUSED_VARIABLE = YES;
				HEADER_SEARCH_PATHS = "";
				IPHONEOS_DEPLOYMENT_TARGET = 5.1;
				SDKROOT = iphoneos;
				TARGETED_DEVICE_FAMILY = "1,2";
			};
			name = Debug;
		};
		AFE5E80415A073B200E32EE8 /* Release */ = {
			isa = XCBuildConfiguration;
			buildSettings = {
				ALWAYS_SEARCH_USER_PATHS = NO;
				ARCHS = "$(ARCHS_STANDARD_32_BIT)";
				CLANG_ENABLE_OBJC_ARC = YES;
				"CODE_SIGN_IDENTITY[sdk=iphoneos*]" = "iPhone Developer";
				COPY_PHASE_STRIP = YES;
				GCC_C_LANGUAGE_STANDARD = gnu99;
				GCC_VERSION = com.apple.compilers.llvm.clang.1_0;
				GCC_WARN_ABOUT_RETURN_TYPE = YES;
				GCC_WARN_UNINITIALIZED_AUTOS = YES;
				GCC_WARN_UNUSED_VARIABLE = YES;
				HEADER_SEARCH_PATHS = "";
				IPHONEOS_DEPLOYMENT_TARGET = 5.1;
				OTHER_CFLAGS = "-DNS_BLOCK_ASSERTIONS=1";
				SDKROOT = iphoneos;
				TARGETED_DEVICE_FAMILY = "1,2";
				VALIDATE_PRODUCT = YES;
			};
			name = Release;
		};
		AFE5E80615A073B200E32EE8 /* Debug */ = {
			isa = XCBuildConfiguration;
			buildSettings = {
				GCC_PRECOMPILE_PREFIX_HEADER = YES;
				GCC_PREFIX_HEADER = "Inventirap/Inventirap-Prefix.pch";
				HEADER_SEARCH_PATHS = (
					"../zxing/iphone/ZXingWidget/Classes/**",
					../zxing/cpp/core/src/,
				);
				INFOPLIST_FILE = "Inventirap/Inventirap-Info.plist";
				IPHONEOS_DEPLOYMENT_TARGET = 5.0;
				PRODUCT_NAME = "$(TARGET_NAME)";
				TARGETED_DEVICE_FAMILY = 1;
				WRAPPER_EXTENSION = app;
			};
			name = Debug;
		};
		AFE5E80715A073B200E32EE8 /* Release */ = {
			isa = XCBuildConfiguration;
			buildSettings = {
				GCC_PRECOMPILE_PREFIX_HEADER = YES;
				GCC_PREFIX_HEADER = "Inventirap/Inventirap-Prefix.pch";
				HEADER_SEARCH_PATHS = (
					"../zxing/iphone/ZXingWidget/Classes/**",
					../zxing/cpp/core/src/,
				);
				INFOPLIST_FILE = "Inventirap/Inventirap-Info.plist";
				IPHONEOS_DEPLOYMENT_TARGET = 5.0;
				PRODUCT_NAME = "$(TARGET_NAME)";
				TARGETED_DEVICE_FAMILY = 1;
				WRAPPER_EXTENSION = app;
			};
			name = Release;
		};
/* End XCBuildConfiguration section */

/* Begin XCConfigurationList section */
		AFE5E7DE15A073B100E32EE8 /* Build configuration list for PBXProject "Inventirap" */ = {
			isa = XCConfigurationList;
			buildConfigurations = (
				AFE5E80315A073B200E32EE8 /* Debug */,
				AFE5E80415A073B200E32EE8 /* Release */,
			);
			defaultConfigurationIsVisible = 0;
			defaultConfigurationName = Release;
		};
		AFE5E80515A073B200E32EE8 /* Build configuration list for PBXNativeTarget "Inventirap" */ = {
			isa = XCConfigurationList;
			buildConfigurations = (
				AFE5E80615A073B200E32EE8 /* Debug */,
				AFE5E80715A073B200E32EE8 /* Release */,
			);
			defaultConfigurationIsVisible = 0;
			defaultConfigurationName = Release;
		};
/* End XCConfigurationList section */
	};
	rootObject = AFE5E7DB15A073B100E32EE8 /* Project object */;
}
